# @generated - this file is auto-generated by `mise lock` https://mise.jdx.dev/dev-tools/mise-lock.html

[[tools.air]]
version = "1.65.1"
backend = "aqua:air-verse/air"

[tools.air."platforms.linux-arm64"]
checksum = "sha256:6a4cd96847515cebf3758c175c9ae70f7b6457888f65e29fa9f81c87e402e254"
url = "https://github.com/air-verse/air/releases/download/v1.65.1/air_1.65.1_linux_arm64.tar.gz"

[tools.air."platforms.linux-arm64-musl"]
checksum = "sha256:6a4cd96847515cebf3758c175c9ae70f7b6457888f65e29fa9f81c87e402e254"
url = "https://github.com/air-verse/air/releases/download/v1.65.1/air_1.65.1_linux_arm64.tar.gz"

[tools.air."platforms.linux-x64"]
checksum = "sha256:b6305247efd2f1b7606e7cbc3038dd60f556028d5396a0132d7890e0eebf0dec"
url = "https://github.com/air-verse/air/releases/download/v1.65.1/air_1.65.1_linux_amd64.tar.gz"

[tools.air."platforms.linux-x64-musl"]
checksum = "sha256:b6305247efd2f1b7606e7cbc3038dd60f556028d5396a0132d7890e0eebf0dec"
url = "https://github.com/air-verse/air/releases/download/v1.65.1/air_1.65.1_linux_amd64.tar.gz"

[tools.air."platforms.macos-arm64"]
checksum = "sha256:af80d7858254ff18b91fbe85e992933c11ae7e931fca847741ad8160ad6dff4d"
url = "https://github.com/air-verse/air/releases/download/v1.65.1/air_1.65.1_darwin_arm64.tar.gz"

[tools.air."platforms.macos-x64"]
checksum = "sha256:53663079579b8e358119b7798838022e9023867b4f0c8b2bf63d4bd2f949b14a"
url = "https://github.com/air-verse/air/releases/download/v1.65.1/air_1.65.1_darwin_amd64.tar.gz"

[tools.air."platforms.windows-x64"]
checksum = "sha256:e045e0cdcaef2b3a375cf985c7cdc60c12ccfbd10143b2a5d3275ac3ae0a6722"
url = "https://github.com/air-verse/air/releases/download/v1.65.1/air_1.65.1_windows_amd64.tar.gz"

[[tools.atlas]]
version = "1.2.0"
backend = "aqua:ariga/atlas"

[tools.atlas."platforms.linux-arm64"]
checksum = "sha256:b76308f558d50d006add507f3ab86afc1147644519dd327f7f5fac6d02d4f595"
url = "https://release.ariga.io/atlas/atlas-linux-arm64-v1.2.0"

[tools.atlas."platforms.linux-arm64-musl"]
checksum = "sha256:b76308f558d50d006add507f3ab86afc1147644519dd327f7f5fac6d02d4f595"
url = "https://release.ariga.io/atlas/atlas-linux-arm64-v1.2.0"

[tools.atlas."platforms.linux-x64"]
checksum = "sha256:c12b889e3349f0e5610aec32fe327e5a6911a0e472754a0c381c30c7c0630e88"
url = "https://release.ariga.io/atlas/atlas-linux-amd64-v1.2.0"

[tools.atlas."platforms.linux-x64-musl"]
checksum = "sha256:c12b889e3349f0e5610aec32fe327e5a6911a0e472754a0c381c30c7c0630e88"
url = "https://release.ariga.io/atlas/atlas-linux-amd64-v1.2.0"

[tools.atlas."platforms.macos-arm64"]
checksum = "sha256:c0d8443a603991c337341a303abf3812cb9f12d74d0ec0d585245735f18c1224"
url = "https://release.ariga.io/atlas/atlas-darwin-arm64-v1.2.0"

[tools.atlas."platforms.macos-x64"]
checksum = "sha256:47f98e6f0d6a203f6c84e643f1ad99519fa8c2b5b59c177af3c449bd3ae0bb5a"
url = "https://release.ariga.io/atlas/atlas-darwin-amd64-v1.2.0"

[tools.atlas."platforms.windows-x64"]
checksum = "sha256:5dbf3e7ec63306bce97904c6ad6ecb82633f0299b98c73987607204d551a80b1"
url = "https://release.ariga.io/atlas/atlas-windows-amd64-v1.2.0.exe"

[[tools.docker-compose]]
version = "5.1.2"
backend = "aqua:docker/compose"

[tools.docker-compose."platforms.linux-arm64"]
checksum = "sha256:d5ce4020039cdbe81679b770e64f89d2cc601398d3b1aacd84a02a9176cd9d20"
url = "https://github.com/docker/compose/releases/download/v5.1.2/docker-compose-linux-aarch64"

[tools.docker-compose."platforms.linux-arm64-musl"]
checksum = "sha256:d5ce4020039cdbe81679b770e64f89d2cc601398d3b1aacd84a02a9176cd9d20"
url = "https://github.com/docker/compose/releases/download/v5.1.2/docker-compose-linux-aarch64"

[tools.docker-compose."platforms.linux-x64"]
checksum = "sha256:c372e512a36e67716b0b3a1264ccdc461dec7a7beff601b81f7c5fb008e3511e"
url = "https://github.com/docker/compose/releases/download/v5.1.2/docker-compose-linux-x86_64"

[tools.docker-compose."platforms.linux-x64-musl"]
checksum = "sha256:c372e512a36e67716b0b3a1264ccdc461dec7a7beff601b81f7c5fb008e3511e"
url = "https://github.com/docker/compose/releases/download/v5.1.2/docker-compose-linux-x86_64"

[tools.docker-compose."platforms.macos-arm64"]
checksum = "sha256:95007edf638ad188dbb84a8ad2bae8861702a0a4324646c31d0c5152563bfc9b"
url = "https://github.com/docker/compose/releases/download/v5.1.2/docker-compose-darwin-aarch64"

[tools.docker-compose."platforms.macos-x64"]
checksum = "sha256:ed6ea4d6a41cbf1f5d10fdd18b5e8be9e2b692441084e6655a7073c308ef2dc4"
url = "https://github.com/docker/compose/releases/download/v5.1.2/docker-compose-darwin-x86_64"

[tools.docker-compose."platforms.windows-x64"]
checksum = "sha256:00e839301ca18ee5109b3ef086788f3a281c317c0b77ba42a06fc6f806401255"
url = "https://github.com/docker/compose/releases/download/v5.1.2/docker-compose-windows-x86_64.exe"

[[tools."github:casey/just"]]
version = "1.49.0"
backend = "github:casey/just"

[tools."github:casey/just"."platforms.linux-arm64"]
checksum = "sha256:993b78f51004248114af22368f69715541542b3c9941c80e02f8ae10eb404ae0"
url = "https://github.com/casey/just/releases/download/1.49.0/just-1.49.0-aarch64-unknown-linux-musl.tar.gz"
url_api = "https://api.github.com/repos/casey/just/releases/assets/389186226"

[tools."github:casey/just"."platforms.linux-arm64-musl"]
checksum = "sha256:993b78f51004248114af22368f69715541542b3c9941c80e02f8ae10eb404ae0"
url = "https://github.com/casey/just/releases/download/1.49.0/just-1.49.0-aarch64-unknown-linux-musl.tar.gz"
url_api = "https://api.github.com/repos/casey/just/releases/assets/389186226"

[tools."github:casey/just"."platforms.linux-x64"]
checksum = "sha256:05eb2f068b641b06e5b318796c2e27d4dcca608e65b34329a08c1b9f582611bd"
url = "https://github.com/casey/just/releases/download/1.49.0/just-1.49.0-x86_64-unknown-linux-musl.tar.gz"
url_api = "https://api.github.com/repos/casey/just/releases/assets/389186182"

[tools."github:casey/just"."platforms.linux-x64-musl"]
checksum = "sha256:05eb2f068b641b06e5b318796c2e27d4dcca608e65b34329a08c1b9f582611bd"
url = "https://github.com/casey/just/releases/download/1.49.0/just-1.49.0-x86_64-unknown-linux-musl.tar.gz"
url_api = "https://api.github.com/repos/casey/just/releases/assets/389186182"

[tools."github:casey/just"."platforms.macos-arm64"]
checksum = "sha256:d21b20df01ec9b9762b0ef08e56ae8dccf3738770edeafa8d2b3a750aee06d78"
url = "https://github.com/casey/just/releases/download/1.49.0/just-1.49.0-aarch64-apple-darwin.tar.gz"
url_api = "https://api.github.com/repos/casey/just/releases/assets/389185924"

[tools."github:casey/just"."platforms.macos-x64"]
checksum = "sha256:e0b83a9352952ab25e5cf13f6cb03dd1872416e5d89388b56d6ca58f11b0a3a8"
url = "https://github.com/casey/just/releases/download/1.49.0/just-1.49.0-x86_64-apple-darwin.tar.gz"
url_api = "https://api.github.com/repos/casey/just/releases/assets/389186192"

[tools."github:casey/just"."platforms.windows-x64"]
checksum = "sha256:657338772efd17a31d67285bb5ed691da87741e44311c0366273c6cb7d913b15"
url = "https://github.com/casey/just/releases/download/1.49.0/just-1.49.0-x86_64-pc-windows-msvc.zip"
url_api = "https://api.github.com/repos/casey/just/releases/assets/389187488"

[[tools.go]]
version = "1.26.8"
backend = "core:go"

[tools.go."platforms.linux-arm64"]
checksum = "sha256:211ffced9dcb9633a55eac6364816ec0ddd951389a740e88fa8b3337971bdda0"
url = "https://dl.google.com/go/go1.26.8.linux-arm64.tar.gz"

[tools.go."platforms.linux-arm64-musl"]
checksum = "sha256:211ffced9dcb9633a55eac6364816ec0ddd951389a740e88fa8b3337971bdda0"
url = "https://dl.google.com/go/go1.26.8.linux-arm64.tar.gz"

[tools.go."platforms.linux-x64"]
checksum = "sha256:d0f743b33e8d8945e6b1f432edd15785c70507121d6e2a723b21285eddf8b57b"
url = "https://dl.google.com/go/go1.26.8.linux-amd64.tar.gz"

[tools.go."platforms.linux-x64-musl"]
checksum = "sha256:d0f743b33e8d8945e6b1f432edd15785c70507121d6e2a723b21285eddf8b57b"
url = "https://dl.google.com/go/go1.26.8.linux-amd64.tar.gz"

[tools.go."platforms.macos-arm64"]
checksum = "sha256:a012b25b571bd0138a03dcd25375ceba866fe5ca822f426d2c66a4de56fd3f4b"
url = "https://dl.google.com/go/go1.26.8.darwin-arm64.tar.gz"

[tools.go."platforms.macos-x64"]
checksum = "sha256:186be014105aa6542b767d2c6ed5cca10a0214bdff809ef1724022a8c7894150"
url = "https://dl.google.com/go/go1.26.8.darwin-amd64.tar.gz"

[tools.go."platforms.windows-x64"]
checksum = "sha256:b92c3b2adae85a11ba71fe7216daf0d84e82af4c8ab6c5625807f28622043a59"
url = "https://dl.google.com/go/go1.26.8.windows-amd64.zip"

[[tools.node]]
version = "24.20.0"
backend = "core:node"

[tools.node."platforms.linux-arm64"]
checksum = "sha256:3515603e2487879a39bc75716f1a2affd027500c64ba50e845cf72cb33219013"
url = "https://nodejs.org/dist/v24.20.0/node-v24.20.0-linux-arm64.tar.gz"

[tools.node."platforms.linux-arm64-musl"]
checksum = "sha256:2c8c507ccb0f20812d9526ba8ca454b1652aadef68fc8bad06f07fb1122dd1ef"
url = "https://unofficial-builds.nodejs.org/download/release/v24.20.0/node-v24.20.0-linux-arm64-musl.tar.gz"

[tools.node."platforms.linux-x64"]
checksum = "sha256:855d581f8a4eb1a8117e3426de25fe02770592febcfb31369aee1ffbfee9e8ec"
url = "https://nodejs.org/dist/v24.20.0/node-v24.20.0-linux-x64.tar.gz"

[tools.node."platforms.linux-x64-musl"]
checksum = "sha256:9ae1399fef4bd8990e15773ce1327b336a20b9e97d8c7549f4f42ca73c43f562"
url = "https://unofficial-builds.nodejs.org/download/release/v24.20.0/node-v24.20.0-linux-x64-musl.tar.gz"

[tools.node."platforms.macos-arm64"]
checksum = "sha256:40e5607e5ecb3db9192723776da2d75d966260fc74a7a9e731c1bd67dda96bc8"
url = "https://nodejs.org/dist/v24.20.0/node-v24.20.0-darwin-arm64.tar.gz"

[tools.node."platforms.macos-x64"]
checksum = "sha256:9e5b2644cf107befb6aefca676b96d3296bc10138096f022ed378d6233ed81f4"
url = "https://nodejs.org/dist/v24.20.0/node-v24.20.0-darwin-x64.tar.gz"

[tools.node."platforms.windows-x64"]
checksum = "sha256:6cac9ffbca8f6a47091e4b5c772e0606049c3871cb67d900c0cedde630e545ba"
url = "https://nodejs.org/dist/v24.20.0/node-v24.20.0-win-x64.zip"

[[tools.pnpm]]
version = "10.33.0"
backend = "aqua:pnpm/pnpm"

[tools.pnpm."platforms.linux-arm64"]
checksum = "sha256:06755ad2817548b84317d857d5c8003dc6e9e28416a3ea7467256c49ab400d48"
url = "https://github.com/pnpm/pnpm/releases/download/v10.33.0/pnpm-linux-arm64"

[tools.pnpm."platforms.linux-arm64-musl"]
checksum = "sha256:06755ad2817548b84317d857d5c8003dc6e9e28416a3ea7467256c49ab400d48"
url = "https://github.com/pnpm/pnpm/releases/download/v10.33.0/pnpm-linux-arm64"

[tools.pnpm."platforms.linux-x64"]
checksum = "sha256:8d4e8f7d778e8ac482022e2577011706a872542f6f6f233e795a4d9f978ea8b5"
url = "https://github.com/pnpm/pnpm/releases/download/v10.33.0/pnpm-linux-x64"

[tools.pnpm."platforms.linux-x64-musl"]
checksum = "sha256:8d4e8f7d778e8ac482022e2577011706a872542f6f6f233e795a4d9f978ea8b5"
url = "https://github.com/pnpm/pnpm/releases/download/v10.33.0/pnpm-linux-x64"

[tools.pnpm."platforms.macos-arm64"]
checksum = "sha256:ed8a1f140f4de457b01ebe0be3ae28e9a7e28863315dcd53d22ff1e5a32d63ae"
url = "https://github.com/pnpm/pnpm/releases/download/v10.33.0/pnpm-macos-arm64"

[tools.pnpm."platforms.macos-x64"]
checksum = "sha256:c31e29554b0e3f4e03f4617195c949595e4dca36085922003de4896c3ca4057d"
url = "https://github.com/pnpm/pnpm/releases/download/v10.33.0/pnpm-macos-x64"

[tools.pnpm."platforms.windows-x64"]
checksum = "sha256:afc96009dc39fe23a835d65192049e6a995f342496b175585dc2beda7d42d33f"
url = "https://github.com/pnpm/pnpm/releases/download/v10.33.0/pnpm-win-x64.exe"

[[tools.watchexec]]
version = "2.5.1"
backend = "aqua:watchexec/watchexec"

[tools.watchexec."platforms.linux-arm64"]
checksum = "sha256:217e564946fec9911279c455e174e938d497480792a342c28712e50346cc0140"
url = "https://github.com/watchexec/watchexec/releases/download/v2.5.1/watchexec-2.5.1-aarch64-unknown-linux-gnu.tar.xz"

[tools.watchexec."platforms.linux-arm64-musl"]
checksum = "sha256:217e564946fec9911279c455e174e938d497480792a342c28712e50346cc0140"
url = "https://github.com/watchexec/watchexec/releases/download/v2.5.1/watchexec-2.5.1-aarch64-unknown-linux-gnu.tar.xz"

[tools.watchexec."platforms.linux-x64"]
checksum = "sha256:9efabd08de720c1ee7e57b487fe11904f0966828e76146e2b5ea5deee90626be"
url = "https://github.com/watchexec/watchexec/releases/download/v2.5.1/watchexec-2.5.1-x86_64-unknown-linux-musl.tar.xz"

[tools.watchexec."platforms.linux-x64-musl"]
checksum = "sha256:9efabd08de720c1ee7e57b487fe11904f0966828e76146e2b5ea5deee90626be"
url = "https://github.com/watchexec/watchexec/releases/download/v2.5.1/watchexec-2.5.1-x86_64-unknown-linux-musl.tar.xz"

[tools.watchexec."platforms.macos-arm64"]
checksum = "sha256:c5e405dd1109940b2510398d2182990c1be59063b94e11d7ace9c7b435cb1df1"
url = "https://github.com/watchexec/watchexec/releases/download/v2.5.1/watchexec-2.5.1-aarch64-apple-darwin.tar.xz"

[tools.watchexec."platforms.macos-x64"]
checksum = "sha256:bb74bf33286ff7f31dd8e763e017fbc0418360d88baefd35bc57d662d28394e2"
url = "https://github.com/watchexec/watchexec/releases/download/v2.5.1/watchexec-2.5.1-x86_64-apple-darwin.tar.xz"

[tools.watchexec."platforms.windows-x64"]
checksum = "sha256:aa448c2704ca1a37ce0f1fc75381d9a411946dd293cf6236293f549426a577f7"
url = "https://github.com/watchexec/watchexec/releases/download/v2.5.1/watchexec-2.5.1-x86_64-pc-windows-msvc.zip"
