[[tools.air]]
version = "1.64.5"
backend = "aqua:air-verse/air"
"platforms.linux-arm64" = { checksum = "sha256:16127a32d4732b5d60ebf14dc6b407bec3045608bafe8e15caec8bbacdc5b208", url = "https://github.com/air-verse/air/releases/download/v1.64.5/air_1.64.5_linux_arm64.tar.gz"}
"platforms.linux-x64" = { checksum = "sha256:2318802038baead95775b871ea7b6dd40d7e1af2f1bb63f590e86465544bb993", url = "https://github.com/air-verse/air/releases/download/v1.64.5/air_1.64.5_linux_amd64.tar.gz"}
"platforms.macos-arm64" = { checksum = "sha256:094938fe307ef1f09637117925bd4bce1d84ec8fbe9a8b1e07dbcd7eb9def4f7", url = "https://github.com/air-verse/air/releases/download/v1.64.5/air_1.64.5_darwin_arm64.tar.gz"}
"platforms.macos-x64" = { checksum = "sha256:793704d06fa3a42955d335010bb70bd33893db834d12173f25afca06d08be9ef", url = "https://github.com/air-verse/air/releases/download/v1.64.5/air_1.64.5_darwin_amd64.tar.gz"}
"platforms.windows-x64" = { checksum = "sha256:6ce5cd2fc0bb4b26e753818d9f8a27523434f9538348b0e14397e37bfe636e4a", url = "https://github.com/air-verse/air/releases/download/v1.64.5/air_1.64.5_windows_amd64.tar.gz"}

[[tools.atlas]]
version = "1.0.0"
backend = "aqua:ariga/atlas"
"platforms.linux-arm64" = { checksum = "sha256:69a463cf6d51a93abeffbdc906b69f969c12e7a706a6d0a4e388b4ebd713c5f9", url = "https://release.ariga.io/atlas/atlas-linux-arm64-v1.0.0"}
"platforms.linux-x64" = { checksum = "sha256:7147245d95af96cd1e90ef5cfd57aa9e9df2a9e7ca5a735ddf0a1230f325cee2", url = "https://release.ariga.io/atlas/atlas-linux-amd64-v1.0.0"}
"platforms.macos-arm64" = { checksum = "sha256:e7fb3098cc46cf8c2a84f5ed57f371f0ed80986d37f0f606ec464518c20518b5", url = "https://release.ariga.io/atlas/atlas-darwin-arm64-v1.0.0"}
"platforms.macos-x64" = { checksum = "sha256:29c140e14d7b359af9cb36a91661a882fd806d4de16867b08b8b948aeba7a507", url = "https://release.ariga.io/atlas/atlas-darwin-amd64-v1.0.0"}
"platforms.windows-x64" = { checksum = "sha256:abf36ade639454afe25f646a09eb5c46629b0b06c640b565496fc5d45e56f8ec", url = "https://release.ariga.io/atlas/atlas-windows-amd64-v1.0.0.exe"}

[[tools.docker-compose]]
version = "5.0.2"
backend = "aqua:docker/compose"
"platforms.linux-arm64" = { checksum = "sha256:ac7810e0cd56a5b58576688196fafa843e07e8241fb91018a736d549ea20a3f3", url = "https://github.com/docker/compose/releases/download/v5.0.2/docker-compose-linux-aarch64"}
"platforms.linux-x64" = { checksum = "sha256:2d880f723d3da7c779c54fdaea91a842fca8af55d1397f1ed8d7cbab3dd7af67", url = "https://github.com/docker/compose/releases/download/v5.0.2/docker-compose-linux-x86_64"}
"platforms.macos-arm64" = { checksum = "sha256:72c7e684a1944cfb1765358d7ea7822cd209f25208ca235b914e761d9abb224e", url = "https://github.com/docker/compose/releases/download/v5.0.2/docker-compose-darwin-aarch64"}
"platforms.macos-x64" = { checksum = "sha256:766d6f9b305d89c3b8fe88cb6fb207fd7f531fbd63982b6136d058c1f98767bd", url = "https://github.com/docker/compose/releases/download/v5.0.2/docker-compose-darwin-x86_64"}
"platforms.windows-x64" = { checksum = "sha256:e6281c7b906eafe8f39114e735f11fc276d8cce2cba93a54911ca15337ba6c49", url = "https://github.com/docker/compose/releases/download/v5.0.2/docker-compose-windows-x86_64.exe"}

[[tools."github:casey/just"]]
version = "1.46.0"
backend = "github:casey/just"
"platforms.linux-arm64" = { checksum = "sha256:b81970c8247fa64cfb30d2a3da0e487e4253f9f2d01865ed5e7d53cdc7b02188", url = "https://github.com/casey/just/releases/download/1.46.0/just-1.46.0-aarch64-unknown-linux-musl.tar.gz", url_api = "https://api.github.com/repos/casey/just/releases/assets/335433617"}
"platforms.linux-x64" = { checksum = "sha256:79966e6e353f535ee7d1c6221641bcc8e3381c55b0d0a6dc6e54b34f9db36eaa", url = "https://github.com/casey/just/releases/download/1.46.0/just-1.46.0-x86_64-unknown-linux-musl.tar.gz", url_api = "https://api.github.com/repos/casey/just/releases/assets/335433546"}
"platforms.macos-arm64" = { checksum = "sha256:438eaf6468a115aa7db93e501cc7e3272f453f6b7083be3863adfab546b23358", url = "https://github.com/casey/just/releases/download/1.46.0/just-1.46.0-aarch64-apple-darwin.tar.gz", url_api = "https://api.github.com/repos/casey/just/releases/assets/335433784"}
"platforms.macos-x64" = { checksum = "sha256:ec54dd60ac876261b7318f1852ef9c0319fede1e5a73c14f56d908a8edf595b8", url = "https://github.com/casey/just/releases/download/1.46.0/just-1.46.0-x86_64-apple-darwin.tar.gz", url_api = "https://api.github.com/repos/casey/just/releases/assets/335433529"}
"platforms.windows-x64" = { checksum = "sha256:f0acf3f8ccbcf360b481baae9cae4c921774c89d5d932012481d3e0bda78ab39", url = "https://github.com/casey/just/releases/download/1.46.0/just-1.46.0-x86_64-pc-windows-msvc.zip", url_api = "https://api.github.com/repos/casey/just/releases/assets/335433854"}

[[tools.go]]
version = "1.25.5"
backend = "core:go"
"platforms.linux-arm64" = { checksum = "sha256:b00b694903d126c588c378e72d3545549935d3982635ba3f7a964c9fa23fe3b9", url = "https://dl.google.com/go/go1.25.5.linux-arm64.tar.gz"}
"platforms.linux-x64" = { checksum = "sha256:9e9b755d63b36acf30c12a9a3fc379243714c1c6d3dd72861da637f336ebb35b", url = "https://dl.google.com/go/go1.25.5.linux-amd64.tar.gz"}
"platforms.macos-arm64" = { checksum = "sha256:bed8ebe824e3d3b27e8471d1307f803fc6ab8e1d0eb7a4ae196979bd9b801dd3", url = "https://dl.google.com/go/go1.25.5.darwin-arm64.tar.gz"}
"platforms.macos-x64" = { checksum = "sha256:b69d51bce599e5381a94ce15263ae644ec84667a5ce23d58dc2e63e2c12a9f56", url = "https://dl.google.com/go/go1.25.5.darwin-amd64.tar.gz"}
"platforms.windows-x64" = { checksum = "sha256:ae756cce1cb80c819b4fe01b0353807178f532211b47f72d7fa77949de054ebb", url = "https://dl.google.com/go/go1.25.5.windows-amd64.zip"}

[[tools.node]]
version = "24.12.0"
backend = "core:node"
"platforms.linux-arm64" = { checksum = "sha256:9b2a2eeb98a8eb37361224e2a1d060300ad2dd143af58dfdb16de785df0f1228", url = "https://nodejs.org/dist/v24.12.0/node-v24.12.0-linux-arm64.tar.gz"}
"platforms.linux-x64" = { checksum = "sha256:6159227e0af7d7c3c6bb2fa900452b04a6cb8841a702a79acc613209d70b04d0", url = "https://nodejs.org/dist/v24.12.0/node-v24.12.0-linux-x64.tar.gz"}
"platforms.macos-arm64" = { checksum = "sha256:319f221adc5e44ff0ed57e8a441b2284f02b8dc6fc87b8eb92a6a93643fd8080", url = "https://nodejs.org/dist/v24.12.0/node-v24.12.0-darwin-arm64.tar.gz"}
"platforms.macos-x64" = { checksum = "sha256:b82ea4c62fd08e250cab59d625e75d77cc5b0a3d60c6698ebee4545c88a169c5", url = "https://nodejs.org/dist/v24.12.0/node-v24.12.0-darwin-x64.tar.gz"}
"platforms.windows-x64" = { checksum = "sha256:9c125f61ae947b52e779095830f9cac267846a043ef7192183c84016aaad2812", url = "https://nodejs.org/dist/v24.12.0/node-v24.12.0-win-x64.zip"}

[[tools.pnpm]]
version = "10.28.2"
backend = "aqua:pnpm/pnpm"
"platforms.linux-arm64" = { checksum = "sha256:6f265c811d1aef8e817e0017cd700d0d345a1100bd8a90358db64eaab2fbff85", url = "https://github.com/pnpm/pnpm/releases/download/v10.28.2/pnpm-linux-arm64"}
"platforms.linux-x64" = { checksum = "sha256:9f38396f660cd3b1f71e0b0af0b7ba22dd1fd446dc37840a1b6a025868557390", url = "https://github.com/pnpm/pnpm/releases/download/v10.28.2/pnpm-linux-x64"}
"platforms.macos-arm64" = { checksum = "sha256:38a23bf53d918b5192f71ed58e6df9609da478790f89b20ca5f45c3cd46d1d2c", url = "https://github.com/pnpm/pnpm/releases/download/v10.28.2/pnpm-macos-arm64"}
"platforms.macos-x64" = { checksum = "sha256:2b86ff518aa100701aecb1b37b84e9ba2aaf0b7c1803dcc9b3a0f7d0681bd27d", url = "https://github.com/pnpm/pnpm/releases/download/v10.28.2/pnpm-macos-x64"}
"platforms.windows-x64" = { checksum = "sha256:cc3ee9c282e72b02d7eeb2de6bf232697e3aeddb047ef0822cbcaaf33ee8c01c", url = "https://github.com/pnpm/pnpm/releases/download/v10.28.2/pnpm-win-x64.exe"}

[[tools.watchexec]]
version = "2.3.3"
backend = "aqua:watchexec/watchexec"
"platforms.linux-arm64" = { checksum = "sha256:45347d86979de6a9766f3cac3a3c863396a7c3cfd1853a9f2a920d4c402cbe40", url = "https://github.com/watchexec/watchexec/releases/download/v2.3.3/watchexec-2.3.3-aarch64-unknown-linux-gnu.tar.xz"}
"platforms.linux-x64" = { checksum = "sha256:d9ac7f301dc21885b10ca3d2e428b48b6eb7c22202e206c31111f9158d6db6f0", url = "https://github.com/watchexec/watchexec/releases/download/v2.3.3/watchexec-2.3.3-x86_64-unknown-linux-gnu.tar.xz"}
"platforms.macos-arm64" = { checksum = "sha256:ab96b0ed8bd02828222f01a003c9efbd0f80facd7b884d716547083545531c90", url = "https://github.com/watchexec/watchexec/releases/download/v2.3.3/watchexec-2.3.3-aarch64-apple-darwin.tar.xz"}
"platforms.macos-x64" = { checksum = "sha256:d3e2fae0abdccbf8e6d6d7e4c693eef45d32bd4fb2626c763dc4fc892e97d6da", url = "https://github.com/watchexec/watchexec/releases/download/v2.3.3/watchexec-2.3.3-x86_64-apple-darwin.tar.xz"}
"platforms.windows-x64" = { checksum = "sha256:dbb88e1000406f8158a048896cf549551dac9e7ad1ff2cd60099884f655b6e07", url = "https://github.com/watchexec/watchexec/releases/download/v2.3.3/watchexec-2.3.3-x86_64-pc-windows-msvc.zip"}
